
Microsoft Visual Studio Solution File, Format Version 12.00
# Visual Studio Version 16
VisualStudioVersion = 16.0.31515.178
MinimumVisualStudioVersion = 10.0.40219.1
Project("{FAE04EC0-301F-11D3-BF4B-00C04F79EFBC}") = "MVC WEb APi Merge", "MVC WEb APi Merge\MVC WEb APi Merge.csproj", "{366684D5-36A8-4E96-9CA8-1E9E227BCB9E}"
EndProject
Global
	GlobalSection(SolutionConfigurationPlatforms) = preSolution
		Debug|Any CPU = Debug|Any CPU
		Release|Any CPU = Release|Any CPU
	EndGlobalSection
	GlobalSection(ProjectConfigurationPlatforms) = postSolution
		{366684D5-36A8-4E96-9CA8-1E9E227BCB9E}.Debug|Any CPU.ActiveCfg = Debug|Any CPU
		{366684D5-36A8-4E96-9CA8-1E9E227BCB9E}.Debug|Any CPU.Build.0 = Debug|Any CPU
		{366684D5-36A8-4E96-9CA8-1E9E227BCB9E}.Release|Any CPU.ActiveCfg = Release|Any CPU
		{366684D5-36A8-4E96-9CA8-1E9E227BCB9E}.Release|Any CPU.Build.0 = Release|Any CPU
	EndGlobalSection
	GlobalSection(SolutionProperties) = preSolution
		HideSolutionNode = FALSE
	EndGlobalSection
	GlobalSection(ExtensibilityGlobals) = postSolution
		SolutionGuid = {B29DF700-9876-4BDD-BB45-8C8DDDFF32F6}
	EndGlobalSection
EndGlobal
